
Microsoft Visual Studio Solution File, Format Version 12.00
# Visual Studio Version 17
VisualStudioVersion = 17.3.32929.385
MinimumVisualStudioVersion = 10.0.40219.1
Project("{8BC9CEB8-8B4A-11D0-8D11-00A0C91BC942}") = "example1", "example1\example1.vcxproj", "{CA46B83D-2F2E-4FEF-803E-FC2FA99F39D1}"
EndProject
Project("{8BC9CEB8-8B4A-11D0-8D11-00A0C91BC942}") = "single_char", "single_char\single_char.vcxproj", "{4AF39D1E-9EC7-4412-8C74-6684D638DF29}"
EndProject
Project("{8BC9CEB8-8B4A-11D0-8D11-00A0C91BC942}") = "single_line", "single_line\single_line.vcxproj", "{96936703-70EC-49F1-9161-09248B44EF5A}"
EndProject
Project("{8BC9CEB8-8B4A-11D0-8D11-00A0C91BC942}") = "working_with_txt_files", "working_with_txt_files\working_with_txt_files.vcxproj", "{336BA9D5-5344-4DC1-8462-66F7D606716C}"
EndProject
Global
	GlobalSection(SolutionConfigurationPlatforms) = preSolution
		Debug|x64 = Debug|x64
		Debug|x86 = Debug|x86
		Release|x64 = Release|x64
		Release|x86 = Release|x86
	EndGlobalSection
	GlobalSection(ProjectConfigurationPlatforms) = postSolution
		{CA46B83D-2F2E-4FEF-803E-FC2FA99F39D1}.Debug|x64.ActiveCfg = Debug|x64
		{CA46B83D-2F2E-4FEF-803E-FC2FA99F39D1}.Debug|x64.Build.0 = Debug|x64
		{CA46B83D-2F2E-4FEF-803E-FC2FA99F39D1}.Debug|x86.ActiveCfg = Debug|Win32
		{CA46B83D-2F2E-4FEF-803E-FC2FA99F39D1}.Debug|x86.Build.0 = Debug|Win32
		{CA46B83D-2F2E-4FEF-803E-FC2FA99F39D1}.Release|x64.ActiveCfg = Release|x64
		{CA46B83D-2F2E-4FEF-803E-FC2FA99F39D1}.Release|x64.Build.0 = Release|x64
		{CA46B83D-2F2E-4FEF-803E-FC2FA99F39D1}.Release|x86.ActiveCfg = Release|Win32
		{CA46B83D-2F2E-4FEF-803E-FC2FA99F39D1}.Release|x86.Build.0 = Release|Win32
		{4AF39D1E-9EC7-4412-8C74-6684D638DF29}.Debug|x64.ActiveCfg = Debug|x64
		{4AF39D1E-9EC7-4412-8C74-6684D638DF29}.Debug|x64.Build.0 = Debug|x64
		{4AF39D1E-9EC7-4412-8C74-6684D638DF29}.Debug|x86.ActiveCfg = Debug|Win32
		{4AF39D1E-9EC7-4412-8C74-6684D638DF29}.Debug|x86.Build.0 = Debug|Win32
		{4AF39D1E-9EC7-4412-8C74-6684D638DF29}.Release|x64.ActiveCfg = Release|x64
		{4AF39D1E-9EC7-4412-8C74-6684D638DF29}.Release|x64.Build.0 = Release|x64
		{4AF39D1E-9EC7-4412-8C74-6684D638DF29}.Release|x86.ActiveCfg = Release|Win32
		{4AF39D1E-9EC7-4412-8C74-6684D638DF29}.Release|x86.Build.0 = Release|Win32
		{96936703-70EC-49F1-9161-09248B44EF5A}.Debug|x64.ActiveCfg = Debug|x64
		{96936703-70EC-49F1-9161-09248B44EF5A}.Debug|x64.Build.0 = Debug|x64
		{96936703-70EC-49F1-9161-09248B44EF5A}.Debug|x86.ActiveCfg = Debug|Win32
		{96936703-70EC-49F1-9161-09248B44EF5A}.Debug|x86.Build.0 = Debug|Win32
		{96936703-70EC-49F1-9161-09248B44EF5A}.Release|x64.ActiveCfg = Release|x64
		{96936703-70EC-49F1-9161-09248B44EF5A}.Release|x64.Build.0 = Release|x64
		{96936703-70EC-49F1-9161-09248B44EF5A}.Release|x86.ActiveCfg = Release|Win32
		{96936703-70EC-49F1-9161-09248B44EF5A}.Release|x86.Build.0 = Release|Win32
		{336BA9D5-5344-4DC1-8462-66F7D606716C}.Debug|x64.ActiveCfg = Debug|x64
		{336BA9D5-5344-4DC1-8462-66F7D606716C}.Debug|x64.Build.0 = Debug|x64
		{336BA9D5-5344-4DC1-8462-66F7D606716C}.Debug|x86.ActiveCfg = Debug|Win32
		{336BA9D5-5344-4DC1-8462-66F7D606716C}.Debug|x86.Build.0 = Debug|Win32
		{336BA9D5-5344-4DC1-8462-66F7D606716C}.Release|x64.ActiveCfg = Release|x64
		{336BA9D5-5344-4DC1-8462-66F7D606716C}.Release|x64.Build.0 = Release|x64
		{336BA9D5-5344-4DC1-8462-66F7D606716C}.Release|x86.ActiveCfg = Release|Win32
		{336BA9D5-5344-4DC1-8462-66F7D606716C}.Release|x86.Build.0 = Release|Win32
	EndGlobalSection
	GlobalSection(SolutionProperties) = preSolution
		HideSolutionNode = FALSE
	EndGlobalSection
	GlobalSection(ExtensibilityGlobals) = postSolution
		SolutionGuid = {20DEDA71-8DEB-418C-9EF0-9C398545EE14}
	EndGlobalSection
EndGlobal
