
Microsoft Visual Studio Solution File, Format Version 12.00
# Visual Studio Version 17
VisualStudioVersion = 17.3.32929.385
MinimumVisualStudioVersion = 10.0.40219.1
Project("{8BC9CEB8-8B4A-11D0-8D11-00A0C91BC942}") = "question1", "question1\question1.vcxproj", "{F5927E17-3CC0-4350-814F-1C7DAC251309}"
EndProject
Project("{8BC9CEB8-8B4A-11D0-8D11-00A0C91BC942}") = "question2", "question2\question2.vcxproj", "{2FCDA9A2-ECE9-43F3-9E25-A87794D51E3F}"
EndProject
Project("{8BC9CEB8-8B4A-11D0-8D11-00A0C91BC942}") = "exe1", "exe1\exe1.vcxproj", "{2BC9B0BB-4EC6-4E49-9E4C-FB0343E628BB}"
EndProject
Project("{8BC9CEB8-8B4A-11D0-8D11-00A0C91BC942}") = "exe2", "exe2\exe2.vcxproj", "{B1D68EFB-0B17-479B-AA01-C532C773EFA2}"
EndProject
Global
	GlobalSection(SolutionConfigurationPlatforms) = preSolution
		Debug|x64 = Debug|x64
		Debug|x86 = Debug|x86
		Release|x64 = Release|x64
		Release|x86 = Release|x86
	EndGlobalSection
	GlobalSection(ProjectConfigurationPlatforms) = postSolution
		{F5927E17-3CC0-4350-814F-1C7DAC251309}.Debug|x64.ActiveCfg = Debug|x64
		{F5927E17-3CC0-4350-814F-1C7DAC251309}.Debug|x64.Build.0 = Debug|x64
		{F5927E17-3CC0-4350-814F-1C7DAC251309}.Debug|x86.ActiveCfg = Debug|Win32
		{F5927E17-3CC0-4350-814F-1C7DAC251309}.Debug|x86.Build.0 = Debug|Win32
		{F5927E17-3CC0-4350-814F-1C7DAC251309}.Release|x64.ActiveCfg = Release|x64
		{F5927E17-3CC0-4350-814F-1C7DAC251309}.Release|x64.Build.0 = Release|x64
		{F5927E17-3CC0-4350-814F-1C7DAC251309}.Release|x86.ActiveCfg = Release|Win32
		{F5927E17-3CC0-4350-814F-1C7DAC251309}.Release|x86.Build.0 = Release|Win32
		{2FCDA9A2-ECE9-43F3-9E25-A87794D51E3F}.Debug|x64.ActiveCfg = Debug|x64
		{2FCDA9A2-ECE9-43F3-9E25-A87794D51E3F}.Debug|x64.Build.0 = Debug|x64
		{2FCDA9A2-ECE9-43F3-9E25-A87794D51E3F}.Debug|x86.ActiveCfg = Debug|Win32
		{2FCDA9A2-ECE9-43F3-9E25-A87794D51E3F}.Debug|x86.Build.0 = Debug|Win32
		{2FCDA9A2-ECE9-43F3-9E25-A87794D51E3F}.Release|x64.ActiveCfg = Release|x64
		{2FCDA9A2-ECE9-43F3-9E25-A87794D51E3F}.Release|x64.Build.0 = Release|x64
		{2FCDA9A2-ECE9-43F3-9E25-A87794D51E3F}.Release|x86.ActiveCfg = Release|Win32
		{2FCDA9A2-ECE9-43F3-9E25-A87794D51E3F}.Release|x86.Build.0 = Release|Win32
		{2BC9B0BB-4EC6-4E49-9E4C-FB0343E628BB}.Debug|x64.ActiveCfg = Debug|x64
		{2BC9B0BB-4EC6-4E49-9E4C-FB0343E628BB}.Debug|x64.Build.0 = Debug|x64
		{2BC9B0BB-4EC6-4E49-9E4C-FB0343E628BB}.Debug|x86.ActiveCfg = Debug|Win32
		{2BC9B0BB-4EC6-4E49-9E4C-FB0343E628BB}.Debug|x86.Build.0 = Debug|Win32
		{2BC9B0BB-4EC6-4E49-9E4C-FB0343E628BB}.Release|x64.ActiveCfg = Release|x64
		{2BC9B0BB-4EC6-4E49-9E4C-FB0343E628BB}.Release|x64.Build.0 = Release|x64
		{2BC9B0BB-4EC6-4E49-9E4C-FB0343E628BB}.Release|x86.ActiveCfg = Release|Win32
		{2BC9B0BB-4EC6-4E49-9E4C-FB0343E628BB}.Release|x86.Build.0 = Release|Win32
		{B1D68EFB-0B17-479B-AA01-C532C773EFA2}.Debug|x64.ActiveCfg = Debug|x64
		{B1D68EFB-0B17-479B-AA01-C532C773EFA2}.Debug|x64.Build.0 = Debug|x64
		{B1D68EFB-0B17-479B-AA01-C532C773EFA2}.Debug|x86.ActiveCfg = Debug|Win32
		{B1D68EFB-0B17-479B-AA01-C532C773EFA2}.Debug|x86.Build.0 = Debug|Win32
		{B1D68EFB-0B17-479B-AA01-C532C773EFA2}.Release|x64.ActiveCfg = Release|x64
		{B1D68EFB-0B17-479B-AA01-C532C773EFA2}.Release|x64.Build.0 = Release|x64
		{B1D68EFB-0B17-479B-AA01-C532C773EFA2}.Release|x86.ActiveCfg = Release|Win32
		{B1D68EFB-0B17-479B-AA01-C532C773EFA2}.Release|x86.Build.0 = Release|Win32
	EndGlobalSection
	GlobalSection(SolutionProperties) = preSolution
		HideSolutionNode = FALSE
	EndGlobalSection
	GlobalSection(ExtensibilityGlobals) = postSolution
		SolutionGuid = {20DEDA71-8DEB-418C-9EF0-9C398545EE14}
	EndGlobalSection
EndGlobal
